
Microsoft Visual Studio Solution File, Format Version 12.00
# Visual Studio Version 16
VisualStudioVersion = 16.0.29905.134
MinimumVisualStudioVersion = 10.0.40219.1
Project("{FAE04EC0-301F-11D3-BF4B-00C04F79EFBC}") = "BalancedParentheses", "BalancedParentheses\BalancedParentheses.csproj", "{ADDDC91B-9EC7-477B-91FC-DA30B9DD7324}"
EndProject
Global
	GlobalSection(SolutionConfigurationPlatforms) = preSolution
		Debug|Any CPU = Debug|Any CPU
		Release|Any CPU = Release|Any CPU
	EndGlobalSection
	GlobalSection(ProjectConfigurationPlatforms) = postSolution
		{ADDDC91B-9EC7-477B-91FC-DA30B9DD7324}.Debug|Any CPU.ActiveCfg = Debug|Any CPU
		{ADDDC91B-9EC7-477B-91FC-DA30B9DD7324}.Debug|Any CPU.Build.0 = Debug|Any CPU
		{ADDDC91B-9EC7-477B-91FC-DA30B9DD7324}.Release|Any CPU.ActiveCfg = Release|Any CPU
		{ADDDC91B-9EC7-477B-91FC-DA30B9DD7324}.Release|Any CPU.Build.0 = Release|Any CPU
	EndGlobalSection
	GlobalSection(SolutionProperties) = preSolution
		HideSolutionNode = FALSE
	EndGlobalSection
	GlobalSection(ExtensibilityGlobals) = postSolution
		SolutionGuid = {C04C7C7D-83A8-47DE-8069-4531CEA459D9}
	EndGlobalSection
EndGlobal
